
Microsoft Visual Studio Solution File, Format Version 12.00
# Visual Studio Version 17
VisualStudioVersion = 17.14.36623.8 d17.14
MinimumVisualStudioVersion = 10.0.40219.1
Project("{FAE04EC0-301F-11D3-BF4B-00C04F79EFBC}") = "B-S1L1", "B-S1L1.csproj", "{5166AC51-2742-4A2D-AEDF-91AB98ABDBB4}"
EndProject
Global
	GlobalSection(SolutionConfigurationPlatforms) = preSolution
		Debug|Any CPU = Debug|Any CPU
		Release|Any CPU = Release|Any CPU
	EndGlobalSection
	GlobalSection(ProjectConfigurationPlatforms) = postSolution
		{5166AC51-2742-4A2D-AEDF-91AB98ABDBB4}.Debug|Any CPU.ActiveCfg = Debug|Any CPU
		{5166AC51-2742-4A2D-AEDF-91AB98ABDBB4}.Debug|Any CPU.Build.0 = Debug|Any CPU
		{5166AC51-2742-4A2D-AEDF-91AB98ABDBB4}.Release|Any CPU.ActiveCfg = Release|Any CPU
		{5166AC51-2742-4A2D-AEDF-91AB98ABDBB4}.Release|Any CPU.Build.0 = Release|Any CPU
	EndGlobalSection
	GlobalSection(SolutionProperties) = preSolution
		HideSolutionNode = FALSE
	EndGlobalSection
	GlobalSection(ExtensibilityGlobals) = postSolution
		SolutionGuid = {665B8A70-A73E-447C-A12A-B6885F8ADD15}
	EndGlobalSection
EndGlobal
